
Microsoft Visual Studio Solution File, Format Version 12.00
# Visual Studio Version 17
VisualStudioVersion = 17.3.32929.385
MinimumVisualStudioVersion = 10.0.40219.1
Project("{9A19103F-16F7-4668-BE54-9A1E7A4F7556}") = "PekaVMClient", "PekaVMClient\PekaVMClient.csproj", "{D93850D5-CAE5-46E4-8348-61D854D04E85}"
EndProject
Project("{FAE04EC0-301F-11D3-BF4B-00C04F79EFBC}") = "PekaVMClientTests", "PekaVMClientTests\PekaVMClientTests.csproj", "{210A957C-5DDD-49DC-A92F-249C8E3F3C41}"
EndProject
Global
	GlobalSection(SolutionConfigurationPlatforms) = preSolution
		Debug|Any CPU = Debug|Any CPU
		Release|Any CPU = Release|Any CPU
	EndGlobalSection
	GlobalSection(ProjectConfigurationPlatforms) = postSolution
		{D93850D5-CAE5-46E4-8348-61D854D04E85}.Debug|Any CPU.ActiveCfg = Debug|Any CPU
		{D93850D5-CAE5-46E4-8348-61D854D04E85}.Debug|Any CPU.Build.0 = Debug|Any CPU
		{D93850D5-CAE5-46E4-8348-61D854D04E85}.Release|Any CPU.ActiveCfg = Release|Any CPU
		{D93850D5-CAE5-46E4-8348-61D854D04E85}.Release|Any CPU.Build.0 = Release|Any CPU
		{210A957C-5DDD-49DC-A92F-249C8E3F3C41}.Debug|Any CPU.ActiveCfg = Debug|Any CPU
		{210A957C-5DDD-49DC-A92F-249C8E3F3C41}.Debug|Any CPU.Build.0 = Debug|Any CPU
		{210A957C-5DDD-49DC-A92F-249C8E3F3C41}.Release|Any CPU.ActiveCfg = Release|Any CPU
		{210A957C-5DDD-49DC-A92F-249C8E3F3C41}.Release|Any CPU.Build.0 = Release|Any CPU
	EndGlobalSection
	GlobalSection(SolutionProperties) = preSolution
		HideSolutionNode = FALSE
	EndGlobalSection
	GlobalSection(ExtensibilityGlobals) = postSolution
		SolutionGuid = {DC68EE21-8FF1-4B7B-A5CF-9B2DA8F7F382}
	EndGlobalSection
EndGlobal
